
Microsoft Visual Studio Solution File, Format Version 12.00
# Visual Studio Version 17
VisualStudioVersion = 17.0.32014.148
MinimumVisualStudioVersion = 10.0.40219.1
Project("{9A19103F-16F7-4668-BE54-9A1E7A4F7556}") = "WindowsHelper", "WindowsHelper.csproj", "{64B2FD9A-1128-47DE-9940-75CD76E6025A}"
EndProject
Project("{54435603-DBB4-11D2-8724-00A0C9A8B90C}") = "WindowsHelperSetup", "..\WindowsHelperSetup\WindowsHelperSetup.vdproj", "{A95C99EA-4483-4A92-BE06-8C2D8F969C9C}"
EndProject
Global
	GlobalSection(SolutionConfigurationPlatforms) = preSolution
		Debug|Any CPU = Debug|Any CPU
		Release|Any CPU = Release|Any CPU
	EndGlobalSection
	GlobalSection(ProjectConfigurationPlatforms) = postSolution
		{64B2FD9A-1128-47DE-9940-75CD76E6025A}.Debug|Any CPU.ActiveCfg = Release|Any CPU
		{64B2FD9A-1128-47DE-9940-75CD76E6025A}.Debug|Any CPU.Build.0 = Release|Any CPU
		{64B2FD9A-1128-47DE-9940-75CD76E6025A}.Release|Any CPU.ActiveCfg = Release|Any CPU
		{64B2FD9A-1128-47DE-9940-75CD76E6025A}.Release|Any CPU.Build.0 = Release|Any CPU
		{A95C99EA-4483-4A92-BE06-8C2D8F969C9C}.Debug|Any CPU.ActiveCfg = Debug
		{A95C99EA-4483-4A92-BE06-8C2D8F969C9C}.Release|Any CPU.ActiveCfg = Release
	EndGlobalSection
	GlobalSection(SolutionProperties) = preSolution
		HideSolutionNode = FALSE
	EndGlobalSection
	GlobalSection(ExtensibilityGlobals) = postSolution
		SolutionGuid = {F7A629C8-80B1-4F9A-AE19-8A8165855C8A}
	EndGlobalSection
EndGlobal
